
Microsoft Visual Studio Solution File, Format Version 12.00
# Visual Studio Version 17
VisualStudioVersion = 17.11.35312.102
MinimumVisualStudioVersion = 10.0.40219.1
Project("{FAE04EC0-301F-11D3-BF4B-00C04F79EFBC}") = "CryptoGraphy_Project", "CryptoGraphy_Project\CryptoGraphy_Project.csproj", "{9E993CAC-4EF0-4646-AAED-18FBB225A030}"
EndProject
Global
	GlobalSection(SolutionConfigurationPlatforms) = preSolution
		Debug|Any CPU = Debug|Any CPU
		Release|Any CPU = Release|Any CPU
	EndGlobalSection
	GlobalSection(ProjectConfigurationPlatforms) = postSolution
		{9E993CAC-4EF0-4646-AAED-18FBB225A030}.Debug|Any CPU.ActiveCfg = Debug|Any CPU
		{9E993CAC-4EF0-4646-AAED-18FBB225A030}.Debug|Any CPU.Build.0 = Debug|Any CPU
		{9E993CAC-4EF0-4646-AAED-18FBB225A030}.Release|Any CPU.ActiveCfg = Release|Any CPU
		{9E993CAC-4EF0-4646-AAED-18FBB225A030}.Release|Any CPU.Build.0 = Release|Any CPU
	EndGlobalSection
	GlobalSection(SolutionProperties) = preSolution
		HideSolutionNode = FALSE
	EndGlobalSection
	GlobalSection(ExtensibilityGlobals) = postSolution
		SolutionGuid = {D93BB3CE-6F7E-4214-9239-596515F82FDE}
	EndGlobalSection
EndGlobal
