
Microsoft Visual Studio Solution File, Format Version 12.00
# Visual Studio Version 17
VisualStudioVersion = 17.11.35312.102
MinimumVisualStudioVersion = 10.0.40219.1
Project("{FAE04EC0-301F-11D3-BF4B-00C04F79EFBC}") = "Lab2_wpf", "Lab2_wpf\Lab2_wpf.csproj", "{43F87E0A-441E-432A-8788-060D386022F7}"
EndProject
Global
	GlobalSection(SolutionConfigurationPlatforms) = preSolution
		Debug|Any CPU = Debug|Any CPU
		Release|Any CPU = Release|Any CPU
	EndGlobalSection
	GlobalSection(ProjectConfigurationPlatforms) = postSolution
		{43F87E0A-441E-432A-8788-060D386022F7}.Debug|Any CPU.ActiveCfg = Debug|Any CPU
		{43F87E0A-441E-432A-8788-060D386022F7}.Debug|Any CPU.Build.0 = Debug|Any CPU
		{43F87E0A-441E-432A-8788-060D386022F7}.Release|Any CPU.ActiveCfg = Release|Any CPU
		{43F87E0A-441E-432A-8788-060D386022F7}.Release|Any CPU.Build.0 = Release|Any CPU
	EndGlobalSection
	GlobalSection(SolutionProperties) = preSolution
		HideSolutionNode = FALSE
	EndGlobalSection
	GlobalSection(ExtensibilityGlobals) = postSolution
		SolutionGuid = {72063B1D-EB98-43E0-AE1A-04BD52A8DDAD}
	EndGlobalSection
EndGlobal
