
Microsoft Visual Studio Solution File, Format Version 12.00
# Visual Studio Version 17
VisualStudioVersion = 17.11.35312.102
MinimumVisualStudioVersion = 10.0.40219.1
Project("{FAE04EC0-301F-11D3-BF4B-00C04F79EFBC}") = "WPF_L10", "WPF_L10\WPF_L10.csproj", "{1289529A-3728-43DC-9201-910E1C5DF692}"
EndProject
Project("{FAE04EC0-301F-11D3-BF4B-00C04F79EFBC}") = "WPF_L10.1", "WPF_L10.1\WPF_L10.1.csproj", "{8BCC492B-DA0B-4DA6-AAFC-4CBDE5A0A008}"
EndProject
Global
	GlobalSection(SolutionConfigurationPlatforms) = preSolution
		Debug|Any CPU = Debug|Any CPU
		Release|Any CPU = Release|Any CPU
	EndGlobalSection
	GlobalSection(ProjectConfigurationPlatforms) = postSolution
		{1289529A-3728-43DC-9201-910E1C5DF692}.Debug|Any CPU.ActiveCfg = Debug|Any CPU
		{1289529A-3728-43DC-9201-910E1C5DF692}.Debug|Any CPU.Build.0 = Debug|Any CPU
		{1289529A-3728-43DC-9201-910E1C5DF692}.Release|Any CPU.ActiveCfg = Release|Any CPU
		{1289529A-3728-43DC-9201-910E1C5DF692}.Release|Any CPU.Build.0 = Release|Any CPU
		{8BCC492B-DA0B-4DA6-AAFC-4CBDE5A0A008}.Debug|Any CPU.ActiveCfg = Debug|Any CPU
		{8BCC492B-DA0B-4DA6-AAFC-4CBDE5A0A008}.Debug|Any CPU.Build.0 = Debug|Any CPU
		{8BCC492B-DA0B-4DA6-AAFC-4CBDE5A0A008}.Release|Any CPU.ActiveCfg = Release|Any CPU
		{8BCC492B-DA0B-4DA6-AAFC-4CBDE5A0A008}.Release|Any CPU.Build.0 = Release|Any CPU
	EndGlobalSection
	GlobalSection(SolutionProperties) = preSolution
		HideSolutionNode = FALSE
	EndGlobalSection
	GlobalSection(ExtensibilityGlobals) = postSolution
		SolutionGuid = {0BBF0EF5-1513-4EAE-877F-D5388542F9E1}
	EndGlobalSection
EndGlobal
