
Microsoft Visual Studio Solution File, Format Version 12.00
# Visual Studio Version 17
VisualStudioVersion = 17.7.34031.279
MinimumVisualStudioVersion = 10.0.40219.1
Project("{FAE04EC0-301F-11D3-BF4B-00C04F79EFBC}") = "WPF_L8", "WPF_L8.csproj", "{29A7C694-DC2B-4259-A597-3B9F1B791B72}"
EndProject
Global
	GlobalSection(SolutionConfigurationPlatforms) = preSolution
		Debug|Any CPU = Debug|Any CPU
		Release|Any CPU = Release|Any CPU
	EndGlobalSection
	GlobalSection(ProjectConfigurationPlatforms) = postSolution
		{29A7C694-DC2B-4259-A597-3B9F1B791B72}.Debug|Any CPU.ActiveCfg = Debug|Any CPU
		{29A7C694-DC2B-4259-A597-3B9F1B791B72}.Debug|Any CPU.Build.0 = Debug|Any CPU
		{29A7C694-DC2B-4259-A597-3B9F1B791B72}.Release|Any CPU.ActiveCfg = Release|Any CPU
		{29A7C694-DC2B-4259-A597-3B9F1B791B72}.Release|Any CPU.Build.0 = Release|Any CPU
	EndGlobalSection
	GlobalSection(SolutionProperties) = preSolution
		HideSolutionNode = FALSE
	EndGlobalSection
	GlobalSection(ExtensibilityGlobals) = postSolution
		SolutionGuid = {5A4D9CBC-BEC9-4210-BF02-410EAFEEE61F}
	EndGlobalSection
EndGlobal
